
Microsoft Visual Studio Solution File, Format Version 12.00
# Visual Studio Version 17
VisualStudioVersion = 17.8.34525.116
MinimumVisualStudioVersion = 10.0.40219.1
Project("{FAE04EC0-301F-11D3-BF4B-00C04F79EFBC}") = "SerializationLab", "SerializationLab\SerializationLab.csproj", "{0578CC22-8599-44A0-9C22-385D8AD068EA}"
EndProject
Global
	GlobalSection(SolutionConfigurationPlatforms) = preSolution
		Debug|Any CPU = Debug|Any CPU
		Release|Any CPU = Release|Any CPU
	EndGlobalSection
	GlobalSection(ProjectConfigurationPlatforms) = postSolution
		{0578CC22-8599-44A0-9C22-385D8AD068EA}.Debug|Any CPU.ActiveCfg = Debug|Any CPU
		{0578CC22-8599-44A0-9C22-385D8AD068EA}.Debug|Any CPU.Build.0 = Debug|Any CPU
		{0578CC22-8599-44A0-9C22-385D8AD068EA}.Release|Any CPU.ActiveCfg = Release|Any CPU
		{0578CC22-8599-44A0-9C22-385D8AD068EA}.Release|Any CPU.Build.0 = Release|Any CPU
	EndGlobalSection
	GlobalSection(SolutionProperties) = preSolution
		HideSolutionNode = FALSE
	EndGlobalSection
	GlobalSection(ExtensibilityGlobals) = postSolution
		SolutionGuid = {CBF31FDD-E9D8-4005-AB12-6172CFFE9A47}
	EndGlobalSection
EndGlobal
